<Solution>
  <Folder Name="/src/">
    <Project Path="src/EnterpriseOrderManagement.AppHost/EnterpriseOrderManagement.AppHost.csproj" />
    <Project Path="src/EnterpriseOrderManagement.ServiceDefaults/EnterpriseOrderManagement.ServiceDefaults.csproj" />
    <Project Path="src/OrderProcessing.API/OrderProcessing.API.csproj" />
  </Folder>
  <Folder Name="/tests/">
    <Project Path="tests/OrderProcessing.Tests/OrderProcessing.Tests.csproj" />
  </Folder>
</Solution>
