
Microsoft Visual Studio Solution File, Format Version 12.00
Project("{FAE04EC0-301F-11D3-BF4B-00C04F79EFBC}") = "OrderProcessing.API", "OrderProcessing.API.csproj", "{BDBBAC78-823D-4678-A269-346D455CFBE6}"
EndProject
Project("{2150E333-8FDC-42A3-9474-1A3956D46DE8}") = "Solution Items", "Solution Items", "{281EEDA9-6697-4AF8-BA95-FF0CE91EA8E7}"
	ProjectSection(SolutionItems) = preProject
		compose.yaml = compose.yaml
	EndProjectSection
EndProject
Global
	GlobalSection(SolutionConfigurationPlatforms) = preSolution
		Debug|Any CPU = Debug|Any CPU
		Release|Any CPU = Release|Any CPU
	EndGlobalSection
	GlobalSection(ProjectConfigurationPlatforms) = postSolution
		{BDBBAC78-823D-4678-A269-346D455CFBE6}.Debug|Any CPU.ActiveCfg = Debug|Any CPU
		{BDBBAC78-823D-4678-A269-346D455CFBE6}.Debug|Any CPU.Build.0 = Debug|Any CPU
		{BDBBAC78-823D-4678-A269-346D455CFBE6}.Release|Any CPU.ActiveCfg = Release|Any CPU
		{BDBBAC78-823D-4678-A269-346D455CFBE6}.Release|Any CPU.Build.0 = Release|Any CPU
	EndGlobalSection
EndGlobal
